
Microsoft Visual Studio Solution File, Format Version 12.00
# Visual Studio Version 17
VisualStudioVersion = 17.0.32112.339
MinimumVisualStudioVersion = 10.0.40219.1
Project("{FAE04EC0-301F-11D3-BF4B-00C04F79EFBC}") = "Extension Methods", "Extension Methods\Extension Methods.csproj", "{284E06F9-4334-4BB5-ABAC-0C0547D6CA33}"
EndProject
Project("{FAE04EC0-301F-11D3-BF4B-00C04F79EFBC}") = "StringExtensionMethod", "StringExtensionMethod\StringExtensionMethod.csproj", "{5E15DB06-A2E7-441F-A804-E1345EA9A14C}"
EndProject
Project("{FAE04EC0-301F-11D3-BF4B-00C04F79EFBC}") = "UserDefinedExtensionMethod", "UserDefinedExtensionMetho\UserDefinedExtensionMethod.csproj", "{88062A96-EEFF-4DE3-8220-FD00FFEC9272}"
EndProject
Project("{FAE04EC0-301F-11D3-BF4B-00C04F79EFBC}") = "ExamplesExtensionMethods", "ExamplesExtensionMethods\ExamplesExtensionMethods.csproj", "{EB7460FE-F4E0-44DE-8003-F79527AAA3E5}"
EndProject
Project("{FAE04EC0-301F-11D3-BF4B-00C04F79EFBC}") = "BindingExtensionMethods", "BindingExtensionMethods\BindingExtensionMethods.csproj", "{29E4F7BB-6A8D-4D9F-BF69-A3696DDBE066}"
EndProject
Global
	GlobalSection(SolutionConfigurationPlatforms) = preSolution
		Debug|Any CPU = Debug|Any CPU
		Release|Any CPU = Release|Any CPU
	EndGlobalSection
	GlobalSection(ProjectConfigurationPlatforms) = postSolution
		{284E06F9-4334-4BB5-ABAC-0C0547D6CA33}.Debug|Any CPU.ActiveCfg = Debug|Any CPU
		{284E06F9-4334-4BB5-ABAC-0C0547D6CA33}.Debug|Any CPU.Build.0 = Debug|Any CPU
		{284E06F9-4334-4BB5-ABAC-0C0547D6CA33}.Release|Any CPU.ActiveCfg = Release|Any CPU
		{284E06F9-4334-4BB5-ABAC-0C0547D6CA33}.Release|Any CPU.Build.0 = Release|Any CPU
		{5E15DB06-A2E7-441F-A804-E1345EA9A14C}.Debug|Any CPU.ActiveCfg = Debug|Any CPU
		{5E15DB06-A2E7-441F-A804-E1345EA9A14C}.Debug|Any CPU.Build.0 = Debug|Any CPU
		{5E15DB06-A2E7-441F-A804-E1345EA9A14C}.Release|Any CPU.ActiveCfg = Release|Any CPU
		{5E15DB06-A2E7-441F-A804-E1345EA9A14C}.Release|Any CPU.Build.0 = Release|Any CPU
		{88062A96-EEFF-4DE3-8220-FD00FFEC9272}.Debug|Any CPU.ActiveCfg = Debug|Any CPU
		{88062A96-EEFF-4DE3-8220-FD00FFEC9272}.Debug|Any CPU.Build.0 = Debug|Any CPU
		{88062A96-EEFF-4DE3-8220-FD00FFEC9272}.Release|Any CPU.ActiveCfg = Release|Any CPU
		{88062A96-EEFF-4DE3-8220-FD00FFEC9272}.Release|Any CPU.Build.0 = Release|Any CPU
		{EB7460FE-F4E0-44DE-8003-F79527AAA3E5}.Debug|Any CPU.ActiveCfg = Debug|Any CPU
		{EB7460FE-F4E0-44DE-8003-F79527AAA3E5}.Debug|Any CPU.Build.0 = Debug|Any CPU
		{EB7460FE-F4E0-44DE-8003-F79527AAA3E5}.Release|Any CPU.ActiveCfg = Release|Any CPU
		{EB7460FE-F4E0-44DE-8003-F79527AAA3E5}.Release|Any CPU.Build.0 = Release|Any CPU
		{29E4F7BB-6A8D-4D9F-BF69-A3696DDBE066}.Debug|Any CPU.ActiveCfg = Debug|Any CPU
		{29E4F7BB-6A8D-4D9F-BF69-A3696DDBE066}.Debug|Any CPU.Build.0 = Debug|Any CPU
		{29E4F7BB-6A8D-4D9F-BF69-A3696DDBE066}.Release|Any CPU.ActiveCfg = Release|Any CPU
		{29E4F7BB-6A8D-4D9F-BF69-A3696DDBE066}.Release|Any CPU.Build.0 = Release|Any CPU
	EndGlobalSection
	GlobalSection(SolutionProperties) = preSolution
		HideSolutionNode = FALSE
	EndGlobalSection
	GlobalSection(ExtensibilityGlobals) = postSolution
		SolutionGuid = {8513277F-811C-436E-9BCC-072124C1077D}
	EndGlobalSection
EndGlobal
